// !$*UTF8*$!
{
	archiveVersion = 1;
	classes = {
	};
	objectVersion = 50;
	objects = {

/* Begin PBXBuildFile section */
		3E0059A125B1B21F003BA9E8 /* AppDelegate.swift in Sources */ = {isa = PBXBuildFile; fileRef = 3E0059A025B1B21F003BA9E8 /* AppDelegate.swift */; };
		3E0059A325B1B21F003BA9E8 /* SceneDelegate.swift in Sources */ = {isa = PBXBuildFile; fileRef = 3E0059A225B1B21F003BA9E8 /* SceneDelegate.swift */; };
		3E0059A525B1B21F003BA9E8 /* AuthMainVC.swift in Sources */ = {isa = PBXBuildFile; fileRef = 3E0059A425B1B21F003BA9E8 /* AuthMainVC.swift */; };
		3E0059AA25B1B220003BA9E8 /* Assets.xcassets in Resources */ = {isa = PBXBuildFile; fileRef = 3E0059A925B1B220003BA9E8 /* Assets.xcassets */; };
		3E0059AD25B1B220003BA9E8 /* LaunchScreen.storyboard in Resources */ = {isa = PBXBuildFile; fileRef = 3E0059AB25B1B220003BA9E8 /* LaunchScreen.storyboard */; };
		3E0059C125B1B608003BA9E8 /* Button.swift in Sources */ = {isa = PBXBuildFile; fileRef = 3E0059C025B1B608003BA9E8 /* Button.swift */; };
		3E0059C525B1B756003BA9E8 /* Label.swift in Sources */ = {isa = PBXBuildFile; fileRef = 3E0059C425B1B756003BA9E8 /* Label.swift */; };
		3E0059C825B1B8E9003BA9E8 /* ButtonForm.swift in Sources */ = {isa = PBXBuildFile; fileRef = 3E0059C725B1B8E9003BA9E8 /* ButtonForm.swift */; };
		3E0059CB25B1BAD4003BA9E8 /* StackView.swift in Sources */ = {isa = PBXBuildFile; fileRef = 3E0059CA25B1BAD4003BA9E8 /* StackView.swift */; };
		3E0059CF25B1C8FC003BA9E8 /* UIColor.swift in Sources */ = {isa = PBXBuildFile; fileRef = 3E0059CE25B1C8FC003BA9E8 /* UIColor.swift */; };
/* End PBXBuildFile section */

/* Begin PBXFileReference section */
		3E00599D25B1B21F003BA9E8 /* ChatApp.app */ = {isa = PBXFileReference; explicitFileType = wrapper.application; includeInIndex = 0; path = ChatApp.app; sourceTree = BUILT_PRODUCTS_DIR; };
		3E0059A025B1B21F003BA9E8 /* AppDelegate.swift */ = {isa = PBXFileReference; lastKnownFileType = sourcecode.swift; path = AppDelegate.swift; sourceTree = "<group>"; };
		3E0059A225B1B21F003BA9E8 /* SceneDelegate.swift */ = {isa = PBXFileReference; lastKnownFileType = sourcecode.swift; path = SceneDelegate.swift; sourceTree = "<group>"; };
		3E0059A425B1B21F003BA9E8 /* AuthMainVC.swift */ = {isa = PBXFileReference; lastKnownFileType = sourcecode.swift; path = AuthMainVC.swift; sourceTree = "<group>"; };
		3E0059A925B1B220003BA9E8 /* Assets.xcassets */ = {isa = PBXFileReference; lastKnownFileType = folder.assetcatalog; path = Assets.xcassets; sourceTree = "<group>"; };
		3E0059AC25B1B220003BA9E8 /* Base */ = {isa = PBXFileReference; lastKnownFileType = file.storyboard; name = Base; path = Base.lproj/LaunchScreen.storyboard; sourceTree = "<group>"; };
		3E0059AE25B1B220003BA9E8 /* Info.plist */ = {isa = PBXFileReference; lastKnownFileType = text.plist.xml; path = Info.plist; sourceTree = "<group>"; };
		3E0059C025B1B608003BA9E8 /* Button.swift */ = {isa = PBXFileReference; lastKnownFileType = sourcecode.swift; path = Button.swift; sourceTree = "<group>"; };
		3E0059C425B1B756003BA9E8 /* Label.swift */ = {isa = PBXFileReference; lastKnownFileType = sourcecode.swift; path = Label.swift; sourceTree = "<group>"; };
		3E0059C725B1B8E9003BA9E8 /* ButtonForm.swift */ = {isa = PBXFileReference; lastKnownFileType = sourcecode.swift; path = ButtonForm.swift; sourceTree = "<group>"; };
		3E0059CA25B1BAD4003BA9E8 /* StackView.swift */ = {isa = PBXFileReference; lastKnownFileType = sourcecode.swift; path = StackView.swift; sourceTree = "<group>"; };
		3E0059CE25B1C8FC003BA9E8 /* UIColor.swift */ = {isa = PBXFileReference; lastKnownFileType = sourcecode.swift; path = UIColor.swift; sourceTree = "<group>"; };
/* End PBXFileReference section */

/* Begin PBXFrameworksBuildPhase section */
		3E00599A25B1B21F003BA9E8 /* Frameworks */ = {
			isa = PBXFrameworksBuildPhase;
			buildActionMask = 2147483647;
			files = (
			);
			runOnlyForDeploymentPostprocessing = 0;
		};
/* End PBXFrameworksBuildPhase section */

/* Begin PBXGroup section */
		3E00599425B1B21F003BA9E8 = {
			isa = PBXGroup;
			children = (
				3E00599F25B1B21F003BA9E8 /* ChatApp */,
				3E00599E25B1B21F003BA9E8 /* Products */,
			);
			sourceTree = "<group>";
		};
		3E00599E25B1B21F003BA9E8 /* Products */ = {
			isa = PBXGroup;
			children = (
				3E00599D25B1B21F003BA9E8 /* ChatApp.app */,
			);
			name = Products;
			sourceTree = "<group>";
		};
		3E00599F25B1B21F003BA9E8 /* ChatApp */ = {
			isa = PBXGroup;
			children = (
				3E0059A425B1B21F003BA9E8 /* AuthMainVC.swift */,
				3E0059BE25B1B5EB003BA9E8 /* Extensions */,
				3E0059BA25B1B2AF003BA9E8 /* IBuilder */,
				3E0059B825B1B28F003BA9E8 /* Support Files */,
			);
			path = ChatApp;
			sourceTree = "<group>";
		};
		3E0059B825B1B28F003BA9E8 /* Support Files */ = {
			isa = PBXGroup;
			children = (
				3E0059A225B1B21F003BA9E8 /* SceneDelegate.swift */,
				3E0059A025B1B21F003BA9E8 /* AppDelegate.swift */,
				3E0059AE25B1B220003BA9E8 /* Info.plist */,
			);
			path = "Support Files";
			sourceTree = "<group>";
		};
		3E0059BA25B1B2AF003BA9E8 /* IBuilder */ = {
			isa = PBXGroup;
			children = (
				3E0059A925B1B220003BA9E8 /* Assets.xcassets */,
				3E0059AB25B1B220003BA9E8 /* LaunchScreen.storyboard */,
			);
			path = IBuilder;
			sourceTree = "<group>";
		};
		3E0059BE25B1B5EB003BA9E8 /* Extensions */ = {
			isa = PBXGroup;
			children = (
				3E0059C725B1B8E9003BA9E8 /* ButtonForm.swift */,
				3E0059BF25B1B5F7003BA9E8 /* UIKit */,
			);
			path = Extensions;
			sourceTree = "<group>";
		};
		3E0059BF25B1B5F7003BA9E8 /* UIKit */ = {
			isa = PBXGroup;
			children = (
				3E0059C025B1B608003BA9E8 /* Button.swift */,
				3E0059C425B1B756003BA9E8 /* Label.swift */,
				3E0059CA25B1BAD4003BA9E8 /* StackView.swift */,
				3E0059CE25B1C8FC003BA9E8 /* UIColor.swift */,
			);
			path = UIKit;
			sourceTree = "<group>";
		};
/* End PBXGroup section */

/* Begin PBXNativeTarget section */
		3E00599C25B1B21F003BA9E8 /* ChatApp */ = {
			isa = PBXNativeTarget;
			buildConfigurationList = 3E0059B125B1B220003BA9E8 /* Build configuration list for PBXNativeTarget "ChatApp" */;
			buildPhases = (
				3E00599925B1B21F003BA9E8 /* Sources */,
				3E00599A25B1B21F003BA9E8 /* Frameworks */,
				3E00599B25B1B21F003BA9E8 /* Resources */,
			);
			buildRules = (
			);
			dependencies = (
			);
			name = ChatApp;
			productName = ChatApp;
			productReference = 3E00599D25B1B21F003BA9E8 /* ChatApp.app */;
			productType = "com.apple.product-type.application";
		};
/* End PBXNativeTarget section */

/* Begin PBXProject section */
		3E00599525B1B21F003BA9E8 /* Project object */ = {
			isa = PBXProject;
			attributes = {
				LastSwiftUpdateCheck = 1210;
				LastUpgradeCheck = 1210;
				TargetAttributes = {
					3E00599C25B1B21F003BA9E8 = {
						CreatedOnToolsVersion = 12.1;
					};
				};
			};
			buildConfigurationList = 3E00599825B1B21F003BA9E8 /* Build configuration list for PBXProject "ChatApp" */;
			compatibilityVersion = "Xcode 9.3";
			developmentRegion = en;
			hasScannedForEncodings = 0;
			knownRegions = (
				en,
				Base,
			);
			mainGroup = 3E00599425B1B21F003BA9E8;
			productRefGroup = 3E00599E25B1B21F003BA9E8 /* Products */;
			projectDirPath = "";
			projectRoot = "";
			targets = (
				3E00599C25B1B21F003BA9E8 /* ChatApp */,
			);
		};
/* End PBXProject section */

/* Begin PBXResourcesBuildPhase section */
		3E00599B25B1B21F003BA9E8 /* Resources */ = {
			isa = PBXResourcesBuildPhase;
			buildActionMask = 2147483647;
			files = (
				3E0059AD25B1B220003BA9E8 /* LaunchScreen.storyboard in Resources */,
				3E0059AA25B1B220003BA9E8 /* Assets.xcassets in Resources */,
			);
			runOnlyForDeploymentPostprocessing = 0;
		};
/* End PBXResourcesBuildPhase section */

/* Begin PBXSourcesBuildPhase section */
		3E00599925B1B21F003BA9E8 /* Sources */ = {
			isa = PBXSourcesBuildPhase;
			buildActionMask = 2147483647;
			files = (
				3E0059A525B1B21F003BA9E8 /* AuthMainVC.swift in Sources */,
				3E0059CB25B1BAD4003BA9E8 /* StackView.swift in Sources */,
				3E0059C825B1B8E9003BA9E8 /* ButtonForm.swift in Sources */,
				3E0059A125B1B21F003BA9E8 /* AppDelegate.swift in Sources */,
				3E0059A325B1B21F003BA9E8 /* SceneDelegate.swift in Sources */,
				3E0059CF25B1C8FC003BA9E8 /* UIColor.swift in Sources */,
				3E0059C525B1B756003BA9E8 /* Label.swift in Sources */,
				3E0059C125B1B608003BA9E8 /* Button.swift in Sources */,
			);
			runOnlyForDeploymentPostprocessing = 0;
		};
/* End PBXSourcesBuildPhase section */

/* Begin PBXVariantGroup section */
		3E0059AB25B1B220003BA9E8 /* LaunchScreen.storyboard */ = {
			isa = PBXVariantGroup;
			children = (
				3E0059AC25B1B220003BA9E8 /* Base */,
			);
			name = LaunchScreen.storyboard;
			sourceTree = "<group>";
		};
/* End PBXVariantGroup section */

/* Begin XCBuildConfiguration section */
		3E0059AF25B1B220003BA9E8 /* Debug */ = {
			isa = XCBuildConfiguration;
			buildSettings = {
				ALWAYS_SEARCH_USER_PATHS = NO;
				CLANG_ANALYZER_NONNULL = YES;
				CLANG_ANALYZER_NUMBER_OBJECT_CONVERSION = YES_AGGRESSIVE;
				CLANG_CXX_LANGUAGE_STANDARD = "gnu++14";
				CLANG_CXX_LIBRARY = "libc++";
				CLANG_ENABLE_MODULES = YES;
				CLANG_ENABLE_OBJC_ARC = YES;
				CLANG_ENABLE_OBJC_WEAK = YES;
				CLANG_WARN_BLOCK_CAPTURE_AUTORELEASING = YES;
				CLANG_WARN_BOOL_CONVERSION = YES;
				CLANG_WARN_COMMA = YES;
				CLANG_WARN_CONSTANT_CONVERSION = YES;
				CLANG_WARN_DEPRECATED_OBJC_IMPLEMENTATIONS = YES;
				CLANG_WARN_DIRECT_OBJC_ISA_USAGE = YES_ERROR;
				CLANG_WARN_DOCUMENTATION_COMMENTS = YES;
				CLANG_WARN_EMPTY_BODY = YES;
				CLANG_WARN_ENUM_CONVERSION = YES;
				CLANG_WARN_INFINITE_RECURSION = YES;
				CLANG_WARN_INT_CONVERSION = YES;
				CLANG_WARN_NON_LITERAL_NULL_CONVERSION = YES;
				CLANG_WARN_OBJC_IMPLICIT_RETAIN_SELF = YES;
				CLANG_WARN_OBJC_LITERAL_CONVERSION = YES;
				CLANG_WARN_OBJC_ROOT_CLASS = YES_ERROR;
				CLANG_WARN_QUOTED_INCLUDE_IN_FRAMEWORK_HEADER = YES;
				CLANG_WARN_RANGE_LOOP_ANALYSIS = YES;
				CLANG_WARN_STRICT_PROTOTYPES = YES;
				CLANG_WARN_SUSPICIOUS_MOVE = YES;
				CLANG_WARN_UNGUARDED_AVAILABILITY = YES_AGGRESSIVE;
				CLANG_WARN_UNREACHABLE_CODE = YES;
				CLANG_WARN__DUPLICATE_METHOD_MATCH = YES;
				COPY_PHASE_STRIP = NO;
				DEBUG_INFORMATION_FORMAT = dwarf;
				ENABLE_STRICT_OBJC_MSGSEND = YES;
				ENABLE_TESTABILITY = YES;
				GCC_C_LANGUAGE_STANDARD = gnu11;
				GCC_DYNAMIC_NO_PIC = NO;
				GCC_NO_COMMON_BLOCKS = YES;
				GCC_OPTIMIZATION_LEVEL = 0;
				GCC_PREPROCESSOR_DEFINITIONS = (
					"DEBUG=1",
					"$(inherited)",
				);
				GCC_WARN_64_TO_32_BIT_CONVERSION = YES;
				GCC_WARN_ABOUT_RETURN_TYPE = YES_ERROR;
				GCC_WARN_UNDECLARED_SELECTOR = YES;
				GCC_WARN_UNINITIALIZED_AUTOS = YES_AGGRESSIVE;
				GCC_WARN_UNUSED_FUNCTION = YES;
				GCC_WARN_UNUSED_VARIABLE = YES;
				IPHONEOS_DEPLOYMENT_TARGET = 14.1;
				MTL_ENABLE_DEBUG_INFO = INCLUDE_SOURCE;
				MTL_FAST_MATH = YES;
				ONLY_ACTIVE_ARCH = YES;
				SDKROOT = iphoneos;
				SWIFT_ACTIVE_COMPILATION_CONDITIONS = DEBUG;
				SWIFT_OPTIMIZATION_LEVEL = "-Onone";
			};
			name = Debug;
		};
		3E0059B025B1B220003BA9E8 /* Release */ = {
			isa = XCBuildConfiguration;
			buildSettings = {
				ALWAYS_SEARCH_USER_PATHS = NO;
				CLANG_ANALYZER_NONNULL = YES;
				CLANG_ANALYZER_NUMBER_OBJECT_CONVERSION = YES_AGGRESSIVE;
				CLANG_CXX_LANGUAGE_STANDARD = "gnu++14";
				CLANG_CXX_LIBRARY = "libc++";
				CLANG_ENABLE_MODULES = YES;
				CLANG_ENABLE_OBJC_ARC = YES;
				CLANG_ENABLE_OBJC_WEAK = YES;
				CLANG_WARN_BLOCK_CAPTURE_AUTORELEASING = YES;
				CLANG_WARN_BOOL_CONVERSION = YES;
				CLANG_WARN_COMMA = YES;
				CLANG_WARN_CONSTANT_CONVERSION = YES;
				CLANG_WARN_DEPRECATED_OBJC_IMPLEMENTATIONS = YES;
				CLANG_WARN_DIRECT_OBJC_ISA_USAGE = YES_ERROR;
				CLANG_WARN_DOCUMENTATION_COMMENTS = YES;
				CLANG_WARN_EMPTY_BODY = YES;
				CLANG_WARN_ENUM_CONVERSION = YES;
				CLANG_WARN_INFINITE_RECURSION = YES;
				CLANG_WARN_INT_CONVERSION = YES;
				CLANG_WARN_NON_LITERAL_NULL_CONVERSION = YES;
				CLANG_WARN_OBJC_IMPLICIT_RETAIN_SELF = YES;
				CLANG_WARN_OBJC_LITERAL_CONVERSION = YES;
				CLANG_WARN_OBJC_ROOT_CLASS = YES_ERROR;
				CLANG_WARN_QUOTED_INCLUDE_IN_FRAMEWORK_HEADER = YES;
				CLANG_WARN_RANGE_LOOP_ANALYSIS = YES;
				CLANG_WARN_STRICT_PROTOTYPES = YES;
				CLANG_WARN_SUSPICIOUS_MOVE = YES;
				CLANG_WARN_UNGUARDED_AVAILABILITY = YES_AGGRESSIVE;
				CLANG_WARN_UNREACHABLE_CODE = YES;
				CLANG_WARN__DUPLICATE_METHOD_MATCH = YES;
				COPY_PHASE_STRIP = NO;
				DEBUG_INFORMATION_FORMAT = "dwarf-with-dsym";
				ENABLE_NS_ASSERTIONS = NO;
				ENABLE_STRICT_OBJC_MSGSEND = YES;
				GCC_C_LANGUAGE_STANDARD = gnu11;
				GCC_NO_COMMON_BLOCKS = YES;
				GCC_WARN_64_TO_32_BIT_CONVERSION = YES;
				GCC_WARN_ABOUT_RETURN_TYPE = YES_ERROR;
				GCC_WARN_UNDECLARED_SELECTOR = YES;
				GCC_WARN_UNINITIALIZED_AUTOS = YES_AGGRESSIVE;
				GCC_WARN_UNUSED_FUNCTION = YES;
				GCC_WARN_UNUSED_VARIABLE = YES;
				IPHONEOS_DEPLOYMENT_TARGET = 14.1;
				MTL_ENABLE_DEBUG_INFO = NO;
				MTL_FAST_MATH = YES;
				SDKROOT = iphoneos;
				SWIFT_COMPILATION_MODE = wholemodule;
				SWIFT_OPTIMIZATION_LEVEL = "-O";
				VALIDATE_PRODUCT = YES;
			};
			name = Release;
		};
		3E0059B225B1B220003BA9E8 /* Debug */ = {
			isa = XCBuildConfiguration;
			buildSettings = {
				ASSETCATALOG_COMPILER_APPICON_NAME = AppIcon;
				ASSETCATALOG_COMPILER_GLOBAL_ACCENT_COLOR_NAME = AccentColor;
				CODE_SIGN_STYLE = Automatic;
				DEVELOPMENT_TEAM = 69KGZLM7W9;
				INFOPLIST_FILE = "$(SRCROOT)/ChatApp/Support Files/Info.plist";
				LD_RUNPATH_SEARCH_PATHS = (
					"$(inherited)",
					"@executable_path/Frameworks",
				);
				PRODUCT_BUNDLE_IDENTIFIER = com.segeyIvanov.ChatApp;
				PRODUCT_NAME = "$(TARGET_NAME)";
				SWIFT_VERSION = 5.0;
				TARGETED_DEVICE_FAMILY = "1,2";
			};
			name = Debug;
		};
		3E0059B325B1B220003BA9E8 /* Release */ = {
			isa = XCBuildConfiguration;
			buildSettings = {
				ASSETCATALOG_COMPILER_APPICON_NAME = AppIcon;
				ASSETCATALOG_COMPILER_GLOBAL_ACCENT_COLOR_NAME = AccentColor;
				CODE_SIGN_STYLE = Automatic;
				DEVELOPMENT_TEAM = 69KGZLM7W9;
				INFOPLIST_FILE = "$(SRCROOT)/ChatApp/Support Files/Info.plist";
				LD_RUNPATH_SEARCH_PATHS = (
					"$(inherited)",
					"@executable_path/Frameworks",
				);
				PRODUCT_BUNDLE_IDENTIFIER = com.segeyIvanov.ChatApp;
				PRODUCT_NAME = "$(TARGET_NAME)";
				SWIFT_VERSION = 5.0;
				TARGETED_DEVICE_FAMILY = "1,2";
			};
			name = Release;
		};
/* End XCBuildConfiguration section */

/* Begin XCConfigurationList section */
		3E00599825B1B21F003BA9E8 /* Build configuration list for PBXProject "ChatApp" */ = {
			isa = XCConfigurationList;
			buildConfigurations = (
				3E0059AF25B1B220003BA9E8 /* Debug */,
				3E0059B025B1B220003BA9E8 /* Release */,
			);
			defaultConfigurationIsVisible = 0;
			defaultConfigurationName = Release;
		};
		3E0059B125B1B220003BA9E8 /* Build configuration list for PBXNativeTarget "ChatApp" */ = {
			isa = XCConfigurationList;
			buildConfigurations = (
				3E0059B225B1B220003BA9E8 /* Debug */,
				3E0059B325B1B220003BA9E8 /* Release */,
			);
			defaultConfigurationIsVisible = 0;
			defaultConfigurationName = Release;
		};
/* End XCConfigurationList section */
	};
	rootObject = 3E00599525B1B21F003BA9E8 /* Project object */;
}
